
Microsoft Visual Studio Solution File, Format Version 12.00
# Visual Studio Version 17
VisualStudioVersion = 17.4.33213.308
MinimumVisualStudioVersion = 10.0.40219.1
Project("{9A19103F-16F7-4668-BE54-9A1E7A4F7556}") = "Dashboard", "Dashboard\Dashboard.csproj", "{3EDBC297-7643-45F6-ADAC-D2AF10F6A07B}"
EndProject
Global
	GlobalSection(SolutionConfigurationPlatforms) = preSolution
		Debug|Any CPU = Debug|Any CPU
		Release|Any CPU = Release|Any CPU
	EndGlobalSection
	GlobalSection(ProjectConfigurationPlatforms) = postSolution
		{3EDBC297-7643-45F6-ADAC-D2AF10F6A07B}.Debug|Any CPU.ActiveCfg = Debug|Any CPU
		{3EDBC297-7643-45F6-ADAC-D2AF10F6A07B}.Debug|Any CPU.Build.0 = Debug|Any CPU
		{3EDBC297-7643-45F6-ADAC-D2AF10F6A07B}.Release|Any CPU.ActiveCfg = Release|Any CPU
		{3EDBC297-7643-45F6-ADAC-D2AF10F6A07B}.Release|Any CPU.Build.0 = Release|Any CPU
	EndGlobalSection
	GlobalSection(SolutionProperties) = preSolution
		HideSolutionNode = FALSE
	EndGlobalSection
	GlobalSection(ExtensibilityGlobals) = postSolution
		SolutionGuid = {34CFBD5E-73B6-4ED7-BF3B-12526554F51C}
	EndGlobalSection
EndGlobal
